
Microsoft Visual Studio Solution File, Format Version 12.00
# Visual Studio 15
VisualStudioVersion = 15.0.26124.0
MinimumVisualStudioVersion = 15.0.26124.0
Project("{FAE04EC0-301F-11D3-BF4B-00C04F79EFBC}") = "PatientService", "PatientService\PatientService.csproj", "{DD534E98-055C-4F8C-B58B-66A38C597D16}"
EndProject
Project("{FAE04EC0-301F-11D3-BF4B-00C04F79EFBC}") = "DomainEvents", "DomainEvents\DomainEvents.csproj", "{EA4EB787-2967-4EFD-8026-041A66F6CCCC}"
EndProject
Project("{FAE04EC0-301F-11D3-BF4B-00C04F79EFBC}") = "RxProducer", "RxProducer\RxProducer.csproj", "{9E064E5E-02FE-4B93-9A45-12D2C4994E26}"
EndProject
Global
	GlobalSection(SolutionConfigurationPlatforms) = preSolution
		Debug|Any CPU = Debug|Any CPU
		Debug|x64 = Debug|x64
		Debug|x86 = Debug|x86
		Release|Any CPU = Release|Any CPU
		Release|x64 = Release|x64
		Release|x86 = Release|x86
	EndGlobalSection
	GlobalSection(SolutionProperties) = preSolution
		HideSolutionNode = FALSE
	EndGlobalSection
	GlobalSection(ProjectConfigurationPlatforms) = postSolution
		{DD534E98-055C-4F8C-B58B-66A38C597D16}.Debug|Any CPU.ActiveCfg = Debug|Any CPU
		{DD534E98-055C-4F8C-B58B-66A38C597D16}.Debug|Any CPU.Build.0 = Debug|Any CPU
		{DD534E98-055C-4F8C-B58B-66A38C597D16}.Debug|x64.ActiveCfg = Debug|Any CPU
		{DD534E98-055C-4F8C-B58B-66A38C597D16}.Debug|x64.Build.0 = Debug|Any CPU
		{DD534E98-055C-4F8C-B58B-66A38C597D16}.Debug|x86.ActiveCfg = Debug|Any CPU
		{DD534E98-055C-4F8C-B58B-66A38C597D16}.Debug|x86.Build.0 = Debug|Any CPU
		{DD534E98-055C-4F8C-B58B-66A38C597D16}.Release|Any CPU.ActiveCfg = Release|Any CPU
		{DD534E98-055C-4F8C-B58B-66A38C597D16}.Release|Any CPU.Build.0 = Release|Any CPU
		{DD534E98-055C-4F8C-B58B-66A38C597D16}.Release|x64.ActiveCfg = Release|Any CPU
		{DD534E98-055C-4F8C-B58B-66A38C597D16}.Release|x64.Build.0 = Release|Any CPU
		{DD534E98-055C-4F8C-B58B-66A38C597D16}.Release|x86.ActiveCfg = Release|Any CPU
		{DD534E98-055C-4F8C-B58B-66A38C597D16}.Release|x86.Build.0 = Release|Any CPU
		{EA4EB787-2967-4EFD-8026-041A66F6CCCC}.Debug|Any CPU.ActiveCfg = Debug|Any CPU
		{EA4EB787-2967-4EFD-8026-041A66F6CCCC}.Debug|Any CPU.Build.0 = Debug|Any CPU
		{EA4EB787-2967-4EFD-8026-041A66F6CCCC}.Debug|x64.ActiveCfg = Debug|Any CPU
		{EA4EB787-2967-4EFD-8026-041A66F6CCCC}.Debug|x64.Build.0 = Debug|Any CPU
		{EA4EB787-2967-4EFD-8026-041A66F6CCCC}.Debug|x86.ActiveCfg = Debug|Any CPU
		{EA4EB787-2967-4EFD-8026-041A66F6CCCC}.Debug|x86.Build.0 = Debug|Any CPU
		{EA4EB787-2967-4EFD-8026-041A66F6CCCC}.Release|Any CPU.ActiveCfg = Release|Any CPU
		{EA4EB787-2967-4EFD-8026-041A66F6CCCC}.Release|Any CPU.Build.0 = Release|Any CPU
		{EA4EB787-2967-4EFD-8026-041A66F6CCCC}.Release|x64.ActiveCfg = Release|Any CPU
		{EA4EB787-2967-4EFD-8026-041A66F6CCCC}.Release|x64.Build.0 = Release|Any CPU
		{EA4EB787-2967-4EFD-8026-041A66F6CCCC}.Release|x86.ActiveCfg = Release|Any CPU
		{EA4EB787-2967-4EFD-8026-041A66F6CCCC}.Release|x86.Build.0 = Release|Any CPU
		{9E064E5E-02FE-4B93-9A45-12D2C4994E26}.Debug|Any CPU.ActiveCfg = Debug|Any CPU
		{9E064E5E-02FE-4B93-9A45-12D2C4994E26}.Debug|Any CPU.Build.0 = Debug|Any CPU
		{9E064E5E-02FE-4B93-9A45-12D2C4994E26}.Debug|x64.ActiveCfg = Debug|Any CPU
		{9E064E5E-02FE-4B93-9A45-12D2C4994E26}.Debug|x64.Build.0 = Debug|Any CPU
		{9E064E5E-02FE-4B93-9A45-12D2C4994E26}.Debug|x86.ActiveCfg = Debug|Any CPU
		{9E064E5E-02FE-4B93-9A45-12D2C4994E26}.Debug|x86.Build.0 = Debug|Any CPU
		{9E064E5E-02FE-4B93-9A45-12D2C4994E26}.Release|Any CPU.ActiveCfg = Release|Any CPU
		{9E064E5E-02FE-4B93-9A45-12D2C4994E26}.Release|Any CPU.Build.0 = Release|Any CPU
		{9E064E5E-02FE-4B93-9A45-12D2C4994E26}.Release|x64.ActiveCfg = Release|Any CPU
		{9E064E5E-02FE-4B93-9A45-12D2C4994E26}.Release|x64.Build.0 = Release|Any CPU
		{9E064E5E-02FE-4B93-9A45-12D2C4994E26}.Release|x86.ActiveCfg = Release|Any CPU
		{9E064E5E-02FE-4B93-9A45-12D2C4994E26}.Release|x86.Build.0 = Release|Any CPU
	EndGlobalSection
EndGlobal
